<?xml version="1.0" encoding="utf-8"?>
<Project ToolsVersion="4.0" xmlns="http://schemas.microsoft.com/developer/msbuild/2003">
  <ItemGroup>
    <Filter Include="include">
      <UniqueIdentifier>{bf1aa5a3-abb2-4efc-a653-3bb7fae2db83}</UniqueIdentifier>
    </Filter>
    <Filter Include="Engine">
      <UniqueIdentifier>{46566edc-ab02-4a27-9c70-7106c571d4b6}</UniqueIdentifier>
    </Filter>
    <Filter Include="Filesystem">
      <UniqueIdentifier>{8ed4505e-87de-467d-8f97-ba21724de9e0}</UniqueIdentifier>
    </Filter>
    <Filter Include="Log">
      <UniqueIdentifier>{8df5ad56-6a01-4b83-af70-fef0b0d4b0fe}</UniqueIdentifier>
    </Filter>
    <Filter Include="Math">
      <UniqueIdentifier>{08875615-0158-4d42-a65a-52fec79c8f5b}</UniqueIdentifier>
    </Filter>
    <Filter Include="Physics">
      <UniqueIdentifier>{40374da3-6592-44c2-9ff3-8462926fd876}</UniqueIdentifier>
    </Filter>
    <Filter Include="Project">
      <UniqueIdentifier>{362b7091-6e6f-42f9-b550-492da303ee29}</UniqueIdentifier>
    </Filter>
    <Filter Include="Render">
      <UniqueIdentifier>{f8d6ef80-3115-47b4-bfd7-b73803d8e61f}</UniqueIdentifier>
    </Filter>
    <Filter Include="Scene">
      <UniqueIdentifier>{e20f854c-4d0a-40fd-acd0-d064f3db53cd}</UniqueIdentifier>
    </Filter>
    <Filter Include="Thread">
      <UniqueIdentifier>{650ad275-1fe9-4c65-9cb4-ea22d805f602}</UniqueIdentifier>
    </Filter>
    <Filter Include="Ui">
      <UniqueIdentifier>{d4a5d971-041f-450e-be55-634b3fc30bc0}</UniqueIdentifier>
    </Filter>
    <Filter Include="Utility">
      <UniqueIdentifier>{729c7ba1-a408-47ee-956f-c81614302e67}</UniqueIdentifier>
    </Filter>
    <Filter Include="Project\ResourceRepository">
      <UniqueIdentifier>{befbf9a0-7a7d-4fdf-b2ed-8e5c84a772a9}</UniqueIdentifier>
    </Filter>
    <Filter Include="include\randar">
      <UniqueIdentifier>{84e8f18f-995b-4a79-bbe2-8c1796d30960}</UniqueIdentifier>
    </Filter>
    <Filter Include="include\randar\Engine">
      <UniqueIdentifier>{2b290bc1-e07b-46be-8983-3251effaa443}</UniqueIdentifier>
    </Filter>
    <Filter Include="include\randar\Filesystem">
      <UniqueIdentifier>{66368987-0c2f-48e1-96bf-4e4a2ba353a4}</UniqueIdentifier>
    </Filter>
    <Filter Include="include\randar\Log">
      <UniqueIdentifier>{a1ea3879-8622-44aa-a398-605eea0b0e27}</UniqueIdentifier>
    </Filter>
    <Filter Include="include\randar\Math">
      <UniqueIdentifier>{f70fcf77-1cf1-4862-8241-cdf9a980302f}</UniqueIdentifier>
    </Filter>
    <Filter Include="include\randar\Physics">
      <UniqueIdentifier>{682f8d8c-c674-425d-bca2-f023d632f65f}</UniqueIdentifier>
    </Filter>
    <Filter Include="include\randar\Project">
      <UniqueIdentifier>{5455e2fd-9135-4471-a58b-1f90eff09e25}</UniqueIdentifier>
    </Filter>
    <Filter Include="include\randar\Render">
      <UniqueIdentifier>{53dfb9c7-dd5c-4e84-a007-e05552705efe}</UniqueIdentifier>
    </Filter>
    <Filter Include="include\randar\Scene">
      <UniqueIdentifier>{1aa376d1-e42d-4367-a06a-44613b600d15}</UniqueIdentifier>
    </Filter>
    <Filter Include="include\randar\Thread">
      <UniqueIdentifier>{f8e313c7-44f2-4332-8dba-70bc8bb6438f}</UniqueIdentifier>
    </Filter>
    <Filter Include="include\randar\Ui">
      <UniqueIdentifier>{b48ad911-02e7-46cb-8774-7e50d603c984}</UniqueIdentifier>
    </Filter>
    <Filter Include="include\randar\Utility">
      <UniqueIdentifier>{801dbe3f-755a-4633-add7-862fde6f0d4f}</UniqueIdentifier>
    </Filter>
  </ItemGroup>
  <ItemGroup>
    <ClCompile Include="..\..\..\src\Main.cpp" />
    <ClCompile Include="..\..\..\src\Engine\EngineMonitor.cpp">
      <Filter>Engine</Filter>
    </ClCompile>
    <ClCompile Include="..\..\..\src\Engine\FileResource.cpp">
      <Filter>Engine</Filter>
    </ClCompile>
    <ClCompile Include="..\..\..\src\Engine\Gpu.cpp">
      <Filter>Engine</Filter>
    </ClCompile>
    <ClCompile Include="..\..\..\src\Engine\GpuResource.cpp">
      <Filter>Engine</Filter>
    </ClCompile>
    <ClCompile Include="..\..\..\src\Engine\Native.cpp">
      <Filter>Engine</Filter>
    </ClCompile>
    <ClCompile Include="..\..\..\src\Engine\Repository.cpp">
      <Filter>Engine</Filter>
    </ClCompile>
    <ClCompile Include="..\..\..\src\Engine\Resource.cpp">
      <Filter>Engine</Filter>
    </ClCompile>
    <ClCompile Include="..\..\..\src\Engine\Window.cpp">
      <Filter>Engine</Filter>
    </ClCompile>
    <ClCompile Include="..\..\..\src\Filesystem\Directory.cpp">
      <Filter>Filesystem</Filter>
    </ClCompile>
    <ClCompile Include="..\..\..\src\Filesystem\Path.cpp">
      <Filter>Filesystem</Filter>
    </ClCompile>
    <ClCompile Include="..\..\..\src\Log\DefaultLog.cpp">
      <Filter>Log</Filter>
    </ClCompile>
    <ClCompile Include="..\..\..\src\Log\Log.cpp">
      <Filter>Log</Filter>
    </ClCompile>
    <ClCompile Include="..\..\..\src\Log\LogListener.cpp">
      <Filter>Log</Filter>
    </ClCompile>
    <ClCompile Include="..\..\..\src\Log\LogMessage.cpp">
      <Filter>Log</Filter>
    </ClCompile>
    <ClCompile Include="..\..\..\src\Math\Angle.cpp">
      <Filter>Math</Filter>
    </ClCompile>
    <ClCompile Include="..\..\..\src\Math\Constant.cpp">
      <Filter>Math</Filter>
    </ClCompile>
    <ClCompile Include="..\..\..\src\Math\Quaternion.cpp">
      <Filter>Math</Filter>
    </ClCompile>
    <ClCompile Include="..\..\..\src\Math\Random.cpp">
      <Filter>Math</Filter>
    </ClCompile>
    <ClCompile Include="..\..\..\src\Math\Transform.cpp">
      <Filter>Math</Filter>
    </ClCompile>
    <ClCompile Include="..\..\..\src\Math\Vector.cpp">
      <Filter>Math</Filter>
    </ClCompile>
    <ClCompile Include="..\..\..\src\Utility\File.cpp">
      <Filter>Utility</Filter>
    </ClCompile>
    <ClCompile Include="..\..\..\src\Utility\glm.cpp">
      <Filter>Utility</Filter>
    </ClCompile>
    <ClCompile Include="..\..\..\src\Utility\IqmResources.cpp">
      <Filter>Utility</Filter>
    </ClCompile>
    <ClCompile Include="..\..\..\src\Utility\Resources.cpp">
      <Filter>Utility</Filter>
    </ClCompile>
    <ClCompile Include="..\..\..\src\Utility\String.cpp">
      <Filter>Utility</Filter>
    </ClCompile>
    <ClCompile Include="..\..\..\src\Utility\Timer.cpp">
      <Filter>Utility</Filter>
    </ClCompile>
    <ClCompile Include="..\..\..\src\Utility\tinyfiledialogs.cpp">
      <Filter>Utility</Filter>
    </ClCompile>
    <ClCompile Include="..\..\..\src\Ui\Browser.cpp">
      <Filter>Ui</Filter>
    </ClCompile>
    <ClCompile Include="..\..\..\src\Ui\MouseModifiers.cpp">
      <Filter>Ui</Filter>
    </ClCompile>
    <ClCompile Include="..\..\..\src\Ui\Ui.cpp">
      <Filter>Ui</Filter>
    </ClCompile>
    <ClCompile Include="..\..\..\src\Ui\WindowHandlers.cpp">
      <Filter>Ui</Filter>
    </ClCompile>
    <ClCompile Include="..\..\..\src\Ui\WindowListener.cpp">
      <Filter>Ui</Filter>
    </ClCompile>
    <ClCompile Include="..\..\..\src\Thread\Lock.cpp">
      <Filter>Thread</Filter>
    </ClCompile>
    <ClCompile Include="..\..\..\src\Thread\Lockable.cpp">
      <Filter>Thread</Filter>
    </ClCompile>
    <ClCompile Include="..\..\..\src\Thread\ScopeLock.cpp">
      <Filter>Thread</Filter>
    </ClCompile>
    <ClCompile Include="..\..\..\src\Thread\TryLock.cpp">
      <Filter>Thread</Filter>
    </ClCompile>
    <ClCompile Include="..\..\..\src\Scene\Action.cpp">
      <Filter>Scene</Filter>
    </ClCompile>
    <ClCompile Include="..\..\..\src\Scene\Frame.cpp">
      <Filter>Scene</Filter>
    </ClCompile>
    <ClCompile Include="..\..\..\src\Scene\FrameRange.cpp">
      <Filter>Scene</Filter>
    </ClCompile>
    <ClCompile Include="..\..\..\src\Scene\ModelState.cpp">
      <Filter>Scene</Filter>
    </ClCompile>
    <ClCompile Include="..\..\..\src\Scene\Object.cpp">
      <Filter>Scene</Filter>
    </ClCompile>
    <ClCompile Include="..\..\..\src\Scene\Scene.cpp">
      <Filter>Scene</Filter>
    </ClCompile>
    <ClCompile Include="..\..\..\src\Scene\TransformAction.cpp">
      <Filter>Scene</Filter>
    </ClCompile>
    <ClCompile Include="..\..\..\src\Scene\TransformState.cpp">
      <Filter>Scene</Filter>
    </ClCompile>
    <ClCompile Include="..\..\..\src\Render\Camera.cpp">
      <Filter>Render</Filter>
    </ClCompile>
    <ClCompile Include="..\..\..\src\Render\Color.cpp">
      <Filter>Render</Filter>
    </ClCompile>
    <ClCompile Include="..\..\..\src\Render\DefaultTexture.cpp">
      <Filter>Render</Filter>
    </ClCompile>
    <ClCompile Include="..\..\..\src\Render\Framebuffer.cpp">
      <Filter>Render</Filter>
    </ClCompile>
    <ClCompile Include="..\..\..\src\Render\IndexBuffer.cpp">
      <Filter>Render</Filter>
    </ClCompile>
    <ClCompile Include="..\..\..\src\Render\Joint.cpp">
      <Filter>Render</Filter>
    </ClCompile>
    <ClCompile Include="..\..\..\src\Render\JointPose.cpp">
      <Filter>Render</Filter>
    </ClCompile>
    <ClCompile Include="..\..\..\src\Render\Light.cpp">
      <Filter>Render</Filter>
    </ClCompile>
    <ClCompile Include="..\..\..\src\Render\Model.cpp">
      <Filter>Render</Filter>
    </ClCompile>
    <ClCompile Include="..\..\..\src\Render\Renderbuffer.cpp">
      <Filter>Render</Filter>
    </ClCompile>
    <ClCompile Include="..\..\..\src\Render\Shader.cpp">
      <Filter>Render</Filter>
    </ClCompile>
    <ClCompile Include="..\..\..\src\Render\ShaderProgram.cpp">
      <Filter>Render</Filter>
    </ClCompile>
    <ClCompile Include="..\..\..\src\Render\Texture.cpp">
      <Filter>Render</Filter>
    </ClCompile>
    <ClCompile Include="..\..\..\src\Render\Vertex.cpp">
      <Filter>Render</Filter>
    </ClCompile>
    <ClCompile Include="..\..\..\src\Render\VertexBuffer.cpp">
      <Filter>Render</Filter>
    </ClCompile>
    <ClCompile Include="..\..\..\src\Render\Viewport.cpp">
      <Filter>Render</Filter>
    </ClCompile>
    <ClCompile Include="..\..\..\src\Project\Project.cpp">
      <Filter>Project</Filter>
    </ClCompile>
    <ClCompile Include="..\..\..\src\Project\ResourceId.cpp">
      <Filter>Project</Filter>
    </ClCompile>
    <ClCompile Include="..\..\..\src\Project\ResourcePatch.cpp">
      <Filter>Project</Filter>
    </ClCompile>
    <ClCompile Include="..\..\..\src\Project\ResourceRepository.cpp">
      <Filter>Project</Filter>
    </ClCompile>
    <ClCompile Include="..\..\..\src\Project\ResourceRepository\ExportRaModel.cpp">
      <Filter>Project\ResourceRepository</Filter>
    </ClCompile>
    <ClCompile Include="..\..\..\src\Project\ResourceRepository\ExportRaTexture.cpp">
      <Filter>Project\ResourceRepository</Filter>
    </ClCompile>
    <ClCompile Include="..\..\..\src\Project\ResourceRepository\ImportIqm.cpp">
      <Filter>Project\ResourceRepository</Filter>
    </ClCompile>
    <ClCompile Include="..\..\..\src\Project\ResourceRepository\ImportPng.cpp">
      <Filter>Project\ResourceRepository</Filter>
    </ClCompile>
    <ClCompile Include="..\..\..\src\Project\ResourceRepository\ImportRaModel.cpp">
      <Filter>Project\ResourceRepository</Filter>
    </ClCompile>
    <ClCompile Include="..\..\..\src\Project\ResourceRepository\ImportRaTexture.cpp">
      <Filter>Project\ResourceRepository</Filter>
    </ClCompile>
    <ClCompile Include="..\..\..\src\Physics\Physical.cpp">
      <Filter>Physics</Filter>
    </ClCompile>
    <ClCompile Include="..\..\..\src\Physics\System.cpp">
      <Filter>Physics</Filter>
    </ClCompile>
    <ClCompile Include="..\..\..\src\Filesystem\FileUtility.cpp">
      <Filter>Filesystem</Filter>
    </ClCompile>
    <ClCompile Include="..\..\..\src\Filesystem\CefPath.cpp">
      <Filter>Filesystem</Filter>
    </ClCompile>
  </ItemGroup>
  <ItemGroup>
    <ClInclude Include="..\..\..\include\randar\Math.hpp">
      <Filter>include\randar</Filter>
    </ClInclude>
    <ClInclude Include="..\..\..\include\randar\Randar.hpp">
      <Filter>include\randar</Filter>
    </ClInclude>
    <ClInclude Include="..\..\..\include\randar\Render.hpp">
      <Filter>include\randar</Filter>
    </ClInclude>
    <ClInclude Include="..\..\..\include\randar\Shape.hpp">
      <Filter>include\randar</Filter>
    </ClInclude>
    <ClInclude Include="..\..\..\include\tinydir.h">
      <Filter>include</Filter>
    </ClInclude>
    <ClInclude Include="..\..\..\include\randar\Engine\EngineMonitor.hpp">
      <Filter>include\randar\Engine</Filter>
    </ClInclude>
    <ClInclude Include="..\..\..\include\randar\Engine\FileResource.hpp">
      <Filter>include\randar\Engine</Filter>
    </ClInclude>
    <ClInclude Include="..\..\..\include\randar\Engine\Glfw.hpp">
      <Filter>include\randar\Engine</Filter>
    </ClInclude>
    <ClInclude Include="..\..\..\include\randar\Engine\Gpu.hpp">
      <Filter>include\randar\Engine</Filter>
    </ClInclude>
    <ClInclude Include="..\..\..\include\randar\Engine\GpuResource.hpp">
      <Filter>include\randar\Engine</Filter>
    </ClInclude>
    <ClInclude Include="..\..\..\include\randar\Engine\Native.hpp">
      <Filter>include\randar\Engine</Filter>
    </ClInclude>
    <ClInclude Include="..\..\..\include\randar\Engine\Repository.hpp">
      <Filter>include\randar\Engine</Filter>
    </ClInclude>
    <ClInclude Include="..\..\..\include\randar\Engine\Resource.hpp">
      <Filter>include\randar\Engine</Filter>
    </ClInclude>
    <ClInclude Include="..\..\..\include\randar\Engine\Window.hpp">
      <Filter>include\randar\Engine</Filter>
    </ClInclude>
    <ClInclude Include="..\..\..\include\randar\Filesystem\BinaryFileReader.hpp">
      <Filter>include\randar\Filesystem</Filter>
    </ClInclude>
    <ClInclude Include="..\..\..\include\randar\Filesystem\BinaryFileStream.hpp">
      <Filter>include\randar\Filesystem</Filter>
    </ClInclude>
    <ClInclude Include="..\..\..\include\randar\Filesystem\BinaryFileWriter.hpp">
      <Filter>include\randar\Filesystem</Filter>
    </ClInclude>
    <ClInclude Include="..\..\..\include\randar\Filesystem\Directory.hpp">
      <Filter>include\randar\Filesystem</Filter>
    </ClInclude>
    <ClInclude Include="..\..\..\include\randar\Filesystem\Endian.hpp">
      <Filter>include\randar\Filesystem</Filter>
    </ClInclude>
    <ClInclude Include="..\..\..\include\randar\Filesystem\File.hpp">
      <Filter>include\randar\Filesystem</Filter>
    </ClInclude>
    <ClInclude Include="..\..\..\include\randar\Filesystem\Path.hpp">
      <Filter>include\randar\Filesystem</Filter>
    </ClInclude>
    <ClInclude Include="..\..\..\include\randar\Log\DefaultLog.hpp">
      <Filter>include\randar\Log</Filter>
    </ClInclude>
    <ClInclude Include="..\..\..\include\randar\Log\Log.hpp">
      <Filter>include\randar\Log</Filter>
    </ClInclude>
    <ClInclude Include="..\..\..\include\randar\Log\LogListener.hpp">
      <Filter>include\randar\Log</Filter>
    </ClInclude>
    <ClInclude Include="..\..\..\include\randar\Log\LogMessage.hpp">
      <Filter>include\randar\Log</Filter>
    </ClInclude>
    <ClInclude Include="..\..\..\include\randar\Math\Angle.hpp">
      <Filter>include\randar\Math</Filter>
    </ClInclude>
    <ClInclude Include="..\..\..\include\randar\Math\Constant.hpp">
      <Filter>include\randar\Math</Filter>
    </ClInclude>
    <ClInclude Include="..\..\..\include\randar\Math\Quaternion.hpp">
      <Filter>include\randar\Math</Filter>
    </ClInclude>
    <ClInclude Include="..\..\..\include\randar\Math\Random.hpp">
      <Filter>include\randar\Math</Filter>
    </ClInclude>
    <ClInclude Include="..\..\..\include\randar\Math\Rect.hpp">
      <Filter>include\randar\Math</Filter>
    </ClInclude>
    <ClInclude Include="..\..\..\include\randar\Math\Transform.hpp">
      <Filter>include\randar\Math</Filter>
    </ClInclude>
    <ClInclude Include="..\..\..\include\randar\Math\vector.hpp">
      <Filter>include\randar\Math</Filter>
    </ClInclude>
    <ClInclude Include="..\..\..\include\randar\Utility\File.hpp">
      <Filter>include\randar\Utility</Filter>
    </ClInclude>
    <ClInclude Include="..\..\..\include\randar\Utility\glm.hpp">
      <Filter>include\randar\Utility</Filter>
    </ClInclude>
    <ClInclude Include="..\..\..\include\randar\Utility\iqm.hpp">
      <Filter>include\randar\Utility</Filter>
    </ClInclude>
    <ClInclude Include="..\..\..\include\randar\Utility\Json.hpp">
      <Filter>include\randar\Utility</Filter>
    </ClInclude>
    <ClInclude Include="..\..\..\include\randar\Utility\Map.hpp">
      <Filter>include\randar\Utility</Filter>
    </ClInclude>
    <ClInclude Include="..\..\..\include\randar\Utility\Resources.hpp">
      <Filter>include\randar\Utility</Filter>
    </ClInclude>
    <ClInclude Include="..\..\..\include\randar\Utility\String.hpp">
      <Filter>include\randar\Utility</Filter>
    </ClInclude>
    <ClInclude Include="..\..\..\include\randar\Utility\Timer.hpp">
      <Filter>include\randar\Utility</Filter>
    </ClInclude>
    <ClInclude Include="..\..\..\include\randar\Utility\tinyfiledialogs.h">
      <Filter>include\randar\Utility</Filter>
    </ClInclude>
    <ClInclude Include="..\..\..\include\randar\Utility\Vector.hpp">
      <Filter>include\randar\Utility</Filter>
    </ClInclude>
    <ClInclude Include="..\..\..\include\randar\Ui\browser.hpp">
      <Filter>include\randar\Ui</Filter>
    </ClInclude>
    <ClInclude Include="..\..\..\include\randar\Ui\BrowserListener.hpp">
      <Filter>include\randar\Ui</Filter>
    </ClInclude>
    <ClInclude Include="..\..\..\include\randar\Ui\Cursor.hpp">
      <Filter>include\randar\Ui</Filter>
    </ClInclude>
    <ClInclude Include="..\..\..\include\randar\Ui\MouseButton.hpp">
      <Filter>include\randar\Ui</Filter>
    </ClInclude>
    <ClInclude Include="..\..\..\include\randar\Ui\MouseModifiers.hpp">
      <Filter>include\randar\Ui</Filter>
    </ClInclude>
    <ClInclude Include="..\..\..\include\randar\Ui\MousePosition.hpp">
      <Filter>include\randar\Ui</Filter>
    </ClInclude>
    <ClInclude Include="..\..\..\include\randar\Ui\NativeCodeHandler.hpp">
      <Filter>include\randar\Ui</Filter>
    </ClInclude>
    <ClInclude Include="..\..\..\include\randar\Ui\Ui.hpp">
      <Filter>include\randar\Ui</Filter>
    </ClInclude>
    <ClInclude Include="..\..\..\include\randar\Ui\WindowHandlers.hpp">
      <Filter>include\randar\Ui</Filter>
    </ClInclude>
    <ClInclude Include="..\..\..\include\randar\Ui\WindowListener.hpp">
      <Filter>include\randar\Ui</Filter>
    </ClInclude>
    <ClInclude Include="..\..\..\include\randar\Thread\Lock.hpp">
      <Filter>include\randar\Thread</Filter>
    </ClInclude>
    <ClInclude Include="..\..\..\include\randar\Thread\Lockable.hpp">
      <Filter>include\randar\Thread</Filter>
    </ClInclude>
    <ClInclude Include="..\..\..\include\randar\Thread\ScopeLock.hpp">
      <Filter>include\randar\Thread</Filter>
    </ClInclude>
    <ClInclude Include="..\..\..\include\randar\Thread\TryLock.hpp">
      <Filter>include\randar\Thread</Filter>
    </ClInclude>
    <ClInclude Include="..\..\..\include\randar\Scene\Action.hpp">
      <Filter>include\randar\Scene</Filter>
    </ClInclude>
    <ClInclude Include="..\..\..\include\randar\Scene\Frame.hpp">
      <Filter>include\randar\Scene</Filter>
    </ClInclude>
    <ClInclude Include="..\..\..\include\randar\Scene\FrameRange.hpp">
      <Filter>include\randar\Scene</Filter>
    </ClInclude>
    <ClInclude Include="..\..\..\include\randar\Scene\ModelState.hpp">
      <Filter>include\randar\Scene</Filter>
    </ClInclude>
    <ClInclude Include="..\..\..\include\randar\Scene\Object.hpp">
      <Filter>include\randar\Scene</Filter>
    </ClInclude>
    <ClInclude Include="..\..\..\include\randar\Scene\Scene.hpp">
      <Filter>include\randar\Scene</Filter>
    </ClInclude>
    <ClInclude Include="..\..\..\include\randar\Scene\TransformAction.hpp">
      <Filter>include\randar\Scene</Filter>
    </ClInclude>
    <ClInclude Include="..\..\..\include\randar\Scene\TransformState.hpp">
      <Filter>include\randar\Scene</Filter>
    </ClInclude>
    <ClInclude Include="..\..\..\include\randar\Render\Camera.hpp">
      <Filter>include\randar\Render</Filter>
    </ClInclude>
    <ClInclude Include="..\..\..\include\randar\Render\Color.hpp">
      <Filter>include\randar\Render</Filter>
    </ClInclude>
    <ClInclude Include="..\..\..\include\randar\Render\DefaultTexture.hpp">
      <Filter>include\randar\Render</Filter>
    </ClInclude>
    <ClInclude Include="..\..\..\include\randar\Render\Framebuffer.hpp">
      <Filter>include\randar\Render</Filter>
    </ClInclude>
    <ClInclude Include="..\..\..\include\randar\Render\IndexBuffer.hpp">
      <Filter>include\randar\Render</Filter>
    </ClInclude>
    <ClInclude Include="..\..\..\include\randar\Render\Joint.hpp">
      <Filter>include\randar\Render</Filter>
    </ClInclude>
    <ClInclude Include="..\..\..\include\randar\Render\JointPose.hpp">
      <Filter>include\randar\Render</Filter>
    </ClInclude>
    <ClInclude Include="..\..\..\include\randar\Render\Light.hpp">
      <Filter>include\randar\Render</Filter>
    </ClInclude>
    <ClInclude Include="..\..\..\include\randar\Render\Material.hpp">
      <Filter>include\randar\Render</Filter>
    </ClInclude>
    <ClInclude Include="..\..\..\include\randar\Render\Model.hpp">
      <Filter>include\randar\Render</Filter>
    </ClInclude>
    <ClInclude Include="..\..\..\include\randar\Render\Renderbuffer.hpp">
      <Filter>include\randar\Render</Filter>
    </ClInclude>
    <ClInclude Include="..\..\..\include\randar\Render\Shader.hpp">
      <Filter>include\randar\Render</Filter>
    </ClInclude>
    <ClInclude Include="..\..\..\include\randar\Render\ShaderProgram.hpp">
      <Filter>include\randar\Render</Filter>
    </ClInclude>
    <ClInclude Include="..\..\..\include\randar\Render\Texture.hpp">
      <Filter>include\randar\Render</Filter>
    </ClInclude>
    <ClInclude Include="..\..\..\include\randar\Render\Vertex.hpp">
      <Filter>include\randar\Render</Filter>
    </ClInclude>
    <ClInclude Include="..\..\..\include\randar\Render\VertexBuffer.hpp">
      <Filter>include\randar\Render</Filter>
    </ClInclude>
    <ClInclude Include="..\..\..\include\randar\Render\Viewport.hpp">
      <Filter>include\randar\Render</Filter>
    </ClInclude>
    <ClInclude Include="..\..\..\include\randar\Project\Project.hpp">
      <Filter>include\randar\Project</Filter>
    </ClInclude>
    <ClInclude Include="..\..\..\include\randar\Project\ResourceId.hpp">
      <Filter>include\randar\Project</Filter>
    </ClInclude>
    <ClInclude Include="..\..\..\include\randar\Project\ResourcePatch.hpp">
      <Filter>include\randar\Project</Filter>
    </ClInclude>
    <ClInclude Include="..\..\..\include\randar\Project\ResourceRepository.hpp">
      <Filter>include\randar\Project</Filter>
    </ClInclude>
    <ClInclude Include="..\..\..\include\randar\Physics\Physical.hpp">
      <Filter>include\randar\Physics</Filter>
    </ClInclude>
    <ClInclude Include="..\..\..\include\randar\Physics\System.hpp">
      <Filter>include\randar\Physics</Filter>
    </ClInclude>
    <ClInclude Include="..\..\..\include\randar\Filesystem\CefPath.hpp">
      <Filter>include\randar\Filesystem</Filter>
    </ClInclude>
  </ItemGroup>
</Project>